Microsoft Visual Studio Solution File, Format Version 11.00
# Visual Studio 2008

Project("{7A0C27F8-AF53-2BC7-714F-2E0FE492D1B0}") = "LD 34", "Assembly-CSharp.csproj", "{3108A6FA-AB11-4F3B-9736-5FFB3312241E}"
EndProject
Global
	GlobalSection(SolutionConfigurationPlatforms) = preSolution
		Debug|Any CPU = Debug|Any CPU
		Release|Any CPU = Release|Any CPU
	EndGlobalSection
	GlobalSection(ProjectConfigurationPlatforms) = postSolution
		{3108A6FA-AB11-4F3B-9736-5FFB3312241E}.Debug|Any CPU.ActiveCfg = Debug|Any CPU
		{3108A6FA-AB11-4F3B-9736-5FFB3312241E}.Debug|Any CPU.Build.0 = Debug|Any CPU
		{3108A6FA-AB11-4F3B-9736-5FFB3312241E}.Release|Any CPU.ActiveCfg = Release|Any CPU
		{3108A6FA-AB11-4F3B-9736-5FFB3312241E}.Release|Any CPU.Build.0 = Release|Any CPU
	EndGlobalSection
	GlobalSection(SolutionProperties) = preSolution
		HideSolutionNode = FALSE
	EndGlobalSection
	GlobalSection(MonoDevelopProperties) = preSolution
		StartupItem = Assembly-CSharp.csproj
	EndGlobalSection
EndGlobal
